
Microsoft Visual Studio Solution File, Format Version 12.00
# Visual Studio Version 16
VisualStudioVersion = 16.0.28803.202
MinimumVisualStudioVersion = 10.0.40219.1
Project("{FAE04EC0-301F-11D3-BF4B-00C04F79EFBC}") = "Unit5", "Unit5\Unit5.csproj", "{40A44A75-89BE-4F35-95E3-4A42B162D2DF}"
EndProject
Global
	GlobalSection(SolutionConfigurationPlatforms) = preSolution
		Debug|Any CPU = Debug|Any CPU
		Release|Any CPU = Release|Any CPU
	EndGlobalSection
	GlobalSection(ProjectConfigurationPlatforms) = postSolution
		{40A44A75-89BE-4F35-95E3-4A42B162D2DF}.Debug|Any CPU.ActiveCfg = Debug|Any CPU
		{40A44A75-89BE-4F35-95E3-4A42B162D2DF}.Debug|Any CPU.Build.0 = Debug|Any CPU
		{40A44A75-89BE-4F35-95E3-4A42B162D2DF}.Release|Any CPU.ActiveCfg = Release|Any CPU
		{40A44A75-89BE-4F35-95E3-4A42B162D2DF}.Release|Any CPU.Build.0 = Release|Any CPU
	EndGlobalSection
	GlobalSection(SolutionProperties) = preSolution
		HideSolutionNode = FALSE
	EndGlobalSection
	GlobalSection(ExtensibilityGlobals) = postSolution
		SolutionGuid = {9ABD24D0-5C4D-453F-A20B-B0CCA521E1E6}
	EndGlobalSection
EndGlobal
