
Microsoft Visual Studio Solution File, Format Version 12.00
# Visual Studio Version 16
VisualStudioVersion = 16.0.28803.202
MinimumVisualStudioVersion = 10.0.40219.1
Project("{FAE04EC0-301F-11D3-BF4B-00C04F79EFBC}") = "Unit7", "Unit7\Unit7.csproj", "{7C2D5D6C-464C-47A0-AF6D-A921E6695A13}"
EndProject
Global
	GlobalSection(SolutionConfigurationPlatforms) = preSolution
		Debug|Any CPU = Debug|Any CPU
		Release|Any CPU = Release|Any CPU
	EndGlobalSection
	GlobalSection(ProjectConfigurationPlatforms) = postSolution
		{7C2D5D6C-464C-47A0-AF6D-A921E6695A13}.Debug|Any CPU.ActiveCfg = Debug|Any CPU
		{7C2D5D6C-464C-47A0-AF6D-A921E6695A13}.Debug|Any CPU.Build.0 = Debug|Any CPU
		{7C2D5D6C-464C-47A0-AF6D-A921E6695A13}.Release|Any CPU.ActiveCfg = Release|Any CPU
		{7C2D5D6C-464C-47A0-AF6D-A921E6695A13}.Release|Any CPU.Build.0 = Release|Any CPU
	EndGlobalSection
	GlobalSection(SolutionProperties) = preSolution
		HideSolutionNode = FALSE
	EndGlobalSection
	GlobalSection(ExtensibilityGlobals) = postSolution
		SolutionGuid = {7C8F4BF6-DD71-4219-8B76-40E687A0753E}
	EndGlobalSection
EndGlobal
