
Microsoft Visual Studio Solution File, Format Version 12.00
# Visual Studio Version 16
VisualStudioVersion = 16.0.28803.202
MinimumVisualStudioVersion = 10.0.40219.1
Project("{FAE04EC0-301F-11D3-BF4B-00C04F79EFBC}") = "Unit1", "Unit1\Unit1.csproj", "{D6FC10A6-048E-4AEE-93DA-833662860ADC}"
EndProject
Global
	GlobalSection(SolutionConfigurationPlatforms) = preSolution
		Debug|Any CPU = Debug|Any CPU
		Release|Any CPU = Release|Any CPU
	EndGlobalSection
	GlobalSection(ProjectConfigurationPlatforms) = postSolution
		{D6FC10A6-048E-4AEE-93DA-833662860ADC}.Debug|Any CPU.ActiveCfg = Debug|Any CPU
		{D6FC10A6-048E-4AEE-93DA-833662860ADC}.Debug|Any CPU.Build.0 = Debug|Any CPU
		{D6FC10A6-048E-4AEE-93DA-833662860ADC}.Release|Any CPU.ActiveCfg = Release|Any CPU
		{D6FC10A6-048E-4AEE-93DA-833662860ADC}.Release|Any CPU.Build.0 = Release|Any CPU
	EndGlobalSection
	GlobalSection(SolutionProperties) = preSolution
		HideSolutionNode = FALSE
	EndGlobalSection
	GlobalSection(ExtensibilityGlobals) = postSolution
		SolutionGuid = {FE72F620-C77A-47D8-BF8B-450ADD8AA1F6}
	EndGlobalSection
EndGlobal
